
Microsoft Visual Studio Solution File, Format Version 12.00
# Visual Studio Version 17
VisualStudioVersion = 17.9.34723.18
MinimumVisualStudioVersion = 10.0.40219.1
Project("{888888A0-9F3D-457C-B088-3A5042F75D52}") = "False_position_Method", "False_position_Method\False_position_Method.pyproj", "{01F57912-FD6E-45AB-9E5F-6E6AC74D4FD5}"
EndProject
Global
	GlobalSection(SolutionConfigurationPlatforms) = preSolution
		Debug|Any CPU = Debug|Any CPU
		Release|Any CPU = Release|Any CPU
	EndGlobalSection
	GlobalSection(ProjectConfigurationPlatforms) = postSolution
		{01F57912-FD6E-45AB-9E5F-6E6AC74D4FD5}.Debug|Any CPU.ActiveCfg = Debug|Any CPU
		{01F57912-FD6E-45AB-9E5F-6E6AC74D4FD5}.Release|Any CPU.ActiveCfg = Release|Any CPU
	EndGlobalSection
	GlobalSection(SolutionProperties) = preSolution
		HideSolutionNode = FALSE
	EndGlobalSection
	GlobalSection(ExtensibilityGlobals) = postSolution
		SolutionGuid = {2670885B-48A9-409B-8B61-6D308FA0CD20}
	EndGlobalSection
EndGlobal
