
Microsoft Visual Studio Solution File, Format Version 12.00
# Visual Studio Version 17
VisualStudioVersion = 17.10.35013.160
MinimumVisualStudioVersion = 10.0.40219.1
Project("{8BC9CEB8-8B4A-11D0-8D11-00A0C91BC942}") = "FizzBuzz", "FizzBuzz\FizzBuzz.vcxproj", "{CCA1D5F1-766E-4CB7-BC9A-082A307F64B2}"
EndProject
Global
	GlobalSection(SolutionConfigurationPlatforms) = preSolution
		Debug|x64 = Debug|x64
		Debug|x86 = Debug|x86
		Release|x64 = Release|x64
		Release|x86 = Release|x86
	EndGlobalSection
	GlobalSection(ProjectConfigurationPlatforms) = postSolution
		{CCA1D5F1-766E-4CB7-BC9A-082A307F64B2}.Debug|x64.ActiveCfg = Debug|x64
		{CCA1D5F1-766E-4CB7-BC9A-082A307F64B2}.Debug|x64.Build.0 = Debug|x64
		{CCA1D5F1-766E-4CB7-BC9A-082A307F64B2}.Debug|x86.ActiveCfg = Debug|Win32
		{CCA1D5F1-766E-4CB7-BC9A-082A307F64B2}.Debug|x86.Build.0 = Debug|Win32
		{CCA1D5F1-766E-4CB7-BC9A-082A307F64B2}.Release|x64.ActiveCfg = Release|x64
		{CCA1D5F1-766E-4CB7-BC9A-082A307F64B2}.Release|x64.Build.0 = Release|x64
		{CCA1D5F1-766E-4CB7-BC9A-082A307F64B2}.Release|x86.ActiveCfg = Release|Win32
		{CCA1D5F1-766E-4CB7-BC9A-082A307F64B2}.Release|x86.Build.0 = Release|Win32
	EndGlobalSection
	GlobalSection(SolutionProperties) = preSolution
		HideSolutionNode = FALSE
	EndGlobalSection
	GlobalSection(ExtensibilityGlobals) = postSolution
		SolutionGuid = {81732609-39CB-432A-95A7-6ED0D9749F8D}
	EndGlobalSection
EndGlobal
