
Microsoft Visual Studio Solution File, Format Version 12.00
# Visual Studio Version 17
VisualStudioVersion = 17.10.35013.160
MinimumVisualStudioVersion = 10.0.40219.1
Project("{8BC9CEB8-8B4A-11D0-8D11-00A0C91BC942}") = "Large_Smaller", "Large_Smaller\Large_Smaller.vcxproj", "{5126A94F-28DB-44BD-B640-3470B517C7A2}"
EndProject
Global
	GlobalSection(SolutionConfigurationPlatforms) = preSolution
		Debug|x64 = Debug|x64
		Debug|x86 = Debug|x86
		Release|x64 = Release|x64
		Release|x86 = Release|x86
	EndGlobalSection
	GlobalSection(ProjectConfigurationPlatforms) = postSolution
		{5126A94F-28DB-44BD-B640-3470B517C7A2}.Debug|x64.ActiveCfg = Debug|x64
		{5126A94F-28DB-44BD-B640-3470B517C7A2}.Debug|x64.Build.0 = Debug|x64
		{5126A94F-28DB-44BD-B640-3470B517C7A2}.Debug|x86.ActiveCfg = Debug|Win32
		{5126A94F-28DB-44BD-B640-3470B517C7A2}.Debug|x86.Build.0 = Debug|Win32
		{5126A94F-28DB-44BD-B640-3470B517C7A2}.Release|x64.ActiveCfg = Release|x64
		{5126A94F-28DB-44BD-B640-3470B517C7A2}.Release|x64.Build.0 = Release|x64
		{5126A94F-28DB-44BD-B640-3470B517C7A2}.Release|x86.ActiveCfg = Release|Win32
		{5126A94F-28DB-44BD-B640-3470B517C7A2}.Release|x86.Build.0 = Release|Win32
	EndGlobalSection
	GlobalSection(SolutionProperties) = preSolution
		HideSolutionNode = FALSE
	EndGlobalSection
	GlobalSection(ExtensibilityGlobals) = postSolution
		SolutionGuid = {D5C62C99-7FEC-482C-90E9-C33DEC849BB7}
	EndGlobalSection
EndGlobal
